// !$*UTF8*$!
{
	archiveVersion = 1;
	classes = {
	};
	objectVersion = 48;
	objects = {

/* Begin PBXBuildFile section */
		BDAAE46E1FBFD41A00DFC414 /* AppDelegate.m in Sources */ = {isa = PBXBuildFile; fileRef = BDAAE46D1FBFD41A00DFC414 /* AppDelegate.m */; };
		BDAAE4741FBFD41A00DFC414 /* Main.storyboard in Resources */ = {isa = PBXBuildFile; fileRef = BDAAE4721FBFD41A00DFC414 /* Main.storyboard */; };
		BDAAE4761FBFD41A00DFC414 /* Assets.xcassets in Resources */ = {isa = PBXBuildFile; fileRef = BDAAE4751FBFD41A00DFC414 /* Assets.xcassets */; };
		BDAAE4791FBFD41A00DFC414 /* LaunchScreen.storyboard in Resources */ = {isa = PBXBuildFile; fileRef = BDAAE4771FBFD41A00DFC414 /* LaunchScreen.storyboard */; };
		BDAAE47C1FBFD41A00DFC414 /* main.m in Sources */ = {isa = PBXBuildFile; fileRef = BDAAE47B1FBFD41A00DFC414 /* main.m */; };
		BDAAE4861FBFD41A00DFC414 /* MetalGemmTests.m in Sources */ = {isa = PBXBuildFile; fileRef = BDAAE4851FBFD41A00DFC414 /* MetalGemmTests.m */; };
		BDAAE4911FBFD41B00DFC414 /* MetalGemmUITests.m in Sources */ = {isa = PBXBuildFile; fileRef = BDAAE4901FBFD41B00DFC414 /* MetalGemmUITests.m */; };
		BDAAE4A51FBFD44000DFC414 /* MPSGemm.m in Sources */ = {isa = PBXBuildFile; fileRef = BDAAE49E1FBFD44000DFC414 /* MPSGemm.m */; };
		BDAAE4A61FBFD44000DFC414 /* MetalGemmNaive.metal in Sources */ = {isa = PBXBuildFile; fileRef = BDAAE4A01FBFD44000DFC414 /* MetalGemmNaive.metal */; };
		BDAAE4A71FBFD44000DFC414 /* ViewController.m in Sources */ = {isa = PBXBuildFile; fileRef = BDAAE4A31FBFD44000DFC414 /* ViewController.m */; };
		BDAE9A5B1FBFD5F500F7C157 /* MetalGemmTuned.metal in Sources */ = {isa = PBXBuildFile; fileRef = BDAE9A5A1FBFD5F500F7C157 /* MetalGemmTuned.metal */; };
		BDAE9A5E1FBFE82E00F7C157 /* MetalGemm.m in Sources */ = {isa = PBXBuildFile; fileRef = BDAE9A5D1FBFE82E00F7C157 /* MetalGemm.m */; };
/* End PBXBuildFile section */

/* Begin PBXContainerItemProxy section */
		BDAAE4821FBFD41A00DFC414 /* PBXContainerItemProxy */ = {
			isa = PBXContainerItemProxy;
			containerPortal = BDAAE4611FBFD41A00DFC414 /* Project object */;
			proxyType = 1;
			remoteGlobalIDString = BDAAE4681FBFD41A00DFC414;
			remoteInfo = MetalGemm;
		};
		BDAAE48D1FBFD41B00DFC414 /* PBXContainerItemProxy */ = {
			isa = PBXContainerItemProxy;
			containerPortal = BDAAE4611FBFD41A00DFC414 /* Project object */;
			proxyType = 1;
			remoteGlobalIDString = BDAAE4681FBFD41A00DFC414;
			remoteInfo = MetalGemm;
		};
/* End PBXContainerItemProxy section */

/* Begin PBXFileReference section */
		BDAAE4691FBFD41A00DFC414 /* MetalGemm.app */ = {isa = PBXFileReference; explicitFileType = wrapper.application; includeInIndex = 0; path = MetalGemm.app; sourceTree = BUILT_PRODUCTS_DIR; };
		BDAAE46C1FBFD41A00DFC414 /* AppDelegate.h */ = {isa = PBXFileReference; lastKnownFileType = sourcecode.c.h; path = AppDelegate.h; sourceTree = "<group>"; };
		BDAAE46D1FBFD41A00DFC414 /* AppDelegate.m */ = {isa = PBXFileReference; lastKnownFileType = sourcecode.c.objc; path = AppDelegate.m; sourceTree = "<group>"; };
		BDAAE4731FBFD41A00DFC414 /* Base */ = {isa = PBXFileReference; lastKnownFileType = file.storyboard; name = Base; path = Base.lproj/Main.storyboard; sourceTree = "<group>"; };
		BDAAE4751FBFD41A00DFC414 /* Assets.xcassets */ = {isa = PBXFileReference; lastKnownFileType = folder.assetcatalog; path = Assets.xcassets; sourceTree = "<group>"; };
		BDAAE4781FBFD41A00DFC414 /* Base */ = {isa = PBXFileReference; lastKnownFileType = file.storyboard; name = Base; path = Base.lproj/LaunchScreen.storyboard; sourceTree = "<group>"; };
		BDAAE47A1FBFD41A00DFC414 /* Info.plist */ = {isa = PBXFileReference; lastKnownFileType = text.plist.xml; path = Info.plist; sourceTree = "<group>"; };
		BDAAE47B1FBFD41A00DFC414 /* main.m */ = {isa = PBXFileReference; lastKnownFileType = sourcecode.c.objc; path = main.m; sourceTree = "<group>"; };
		BDAAE4811FBFD41A00DFC414 /* MetalGemmTests.xctest */ = {isa = PBXFileReference; explicitFileType = wrapper.cfbundle; includeInIndex = 0; path = MetalGemmTests.xctest; sourceTree = BUILT_PRODUCTS_DIR; };
		BDAAE4851FBFD41A00DFC414 /* MetalGemmTests.m */ = {isa = PBXFileReference; lastKnownFileType = sourcecode.c.objc; path = MetalGemmTests.m; sourceTree = "<group>"; };
		BDAAE4871FBFD41A00DFC414 /* Info.plist */ = {isa = PBXFileReference; lastKnownFileType = text.plist.xml; path = Info.plist; sourceTree = "<group>"; };
		BDAAE48C1FBFD41B00DFC414 /* MetalGemmUITests.xctest */ = {isa = PBXFileReference; explicitFileType = wrapper.cfbundle; includeInIndex = 0; path = MetalGemmUITests.xctest; sourceTree = BUILT_PRODUCTS_DIR; };
		BDAAE4901FBFD41B00DFC414 /* MetalGemmUITests.m */ = {isa = PBXFileReference; lastKnownFileType = sourcecode.c.objc; path = MetalGemmUITests.m; sourceTree = "<group>"; };
		BDAAE4921FBFD41B00DFC414 /* Info.plist */ = {isa = PBXFileReference; lastKnownFileType = text.plist.xml; path = Info.plist; sourceTree = "<group>"; };
		BDAAE49E1FBFD44000DFC414 /* MPSGemm.m */ = {isa = PBXFileReference; fileEncoding = 4; lastKnownFileType = sourcecode.c.objc; path = MPSGemm.m; sourceTree = "<group>"; };
		BDAAE49F1FBFD44000DFC414 /* MPSGemm.h */ = {isa = PBXFileReference; fileEncoding = 4; lastKnownFileType = sourcecode.c.h; path = MPSGemm.h; sourceTree = "<group>"; };
		BDAAE4A01FBFD44000DFC414 /* MetalGemmNaive.metal */ = {isa = PBXFileReference; fileEncoding = 4; lastKnownFileType = sourcecode.metal; path = MetalGemmNaive.metal; sourceTree = "<group>"; };
		BDAAE4A21FBFD44000DFC414 /* ViewController.h */ = {isa = PBXFileReference; fileEncoding = 4; lastKnownFileType = sourcecode.c.h; path = ViewController.h; sourceTree = "<group>"; };
		BDAAE4A31FBFD44000DFC414 /* ViewController.m */ = {isa = PBXFileReference; fileEncoding = 4; lastKnownFileType = sourcecode.c.objc; path = ViewController.m; sourceTree = "<group>"; };
		BDAE9A5A1FBFD5F500F7C157 /* MetalGemmTuned.metal */ = {isa = PBXFileReference; lastKnownFileType = sourcecode.metal; path = MetalGemmTuned.metal; sourceTree = "<group>"; };
		BDAE9A5C1FBFE82E00F7C157 /* MetalGemm.h */ = {isa = PBXFileReference; lastKnownFileType = sourcecode.c.h; path = MetalGemm.h; sourceTree = "<group>"; };
		BDAE9A5D1FBFE82E00F7C157 /* MetalGemm.m */ = {isa = PBXFileReference; lastKnownFileType = sourcecode.c.objc; path = MetalGemm.m; sourceTree = "<group>"; };
/* End PBXFileReference section */

/* Begin PBXFrameworksBuildPhase section */
		BDAAE4661FBFD41A00DFC414 /* Frameworks */ = {
			isa = PBXFrameworksBuildPhase;
			buildActionMask = 2147483647;
			files = (
			);
			runOnlyForDeploymentPostprocessing = 0;
		};
		BDAAE47E1FBFD41A00DFC414 /* Frameworks */ = {
			isa = PBXFrameworksBuildPhase;
			buildActionMask = 2147483647;
			files = (
			);
			runOnlyForDeploymentPostprocessing = 0;
		};
		BDAAE4891FBFD41B00DFC414 /* Frameworks */ = {
			isa = PBXFrameworksBuildPhase;
			buildActionMask = 2147483647;
			files = (
			);
			runOnlyForDeploymentPostprocessing = 0;
		};
/* End PBXFrameworksBuildPhase section */

/* Begin PBXGroup section */
		BDAAE4601FBFD41A00DFC414 = {
			isa = PBXGroup;
			children = (
				BDAAE46B1FBFD41A00DFC414 /* MetalGemm */,
				BDAAE4841FBFD41A00DFC414 /* MetalGemmTests */,
				BDAAE48F1FBFD41B00DFC414 /* MetalGemmUITests */,
				BDAAE46A1FBFD41A00DFC414 /* Products */,
			);
			sourceTree = "<group>";
		};
		BDAAE46A1FBFD41A00DFC414 /* Products */ = {
			isa = PBXGroup;
			children = (
				BDAAE4691FBFD41A00DFC414 /* MetalGemm.app */,
				BDAAE4811FBFD41A00DFC414 /* MetalGemmTests.xctest */,
				BDAAE48C1FBFD41B00DFC414 /* MetalGemmUITests.xctest */,
			);
			name = Products;
			sourceTree = "<group>";
		};
		BDAAE46B1FBFD41A00DFC414 /* MetalGemm */ = {
			isa = PBXGroup;
			children = (
				BDAAE46C1FBFD41A00DFC414 /* AppDelegate.h */,
				BDAAE46D1FBFD41A00DFC414 /* AppDelegate.m */,
				BDAAE4A21FBFD44000DFC414 /* ViewController.h */,
				BDAAE4A31FBFD44000DFC414 /* ViewController.m */,
				BDAE9A5C1FBFE82E00F7C157 /* MetalGemm.h */,
				BDAE9A5D1FBFE82E00F7C157 /* MetalGemm.m */,
				BDAAE4A01FBFD44000DFC414 /* MetalGemmNaive.metal */,
				BDAE9A5A1FBFD5F500F7C157 /* MetalGemmTuned.metal */,
				BDAAE49F1FBFD44000DFC414 /* MPSGemm.h */,
				BDAAE49E1FBFD44000DFC414 /* MPSGemm.m */,
				BDAAE4721FBFD41A00DFC414 /* Main.storyboard */,
				BDAAE4751FBFD41A00DFC414 /* Assets.xcassets */,
				BDAAE4771FBFD41A00DFC414 /* LaunchScreen.storyboard */,
				BDAAE47A1FBFD41A00DFC414 /* Info.plist */,
				BDAAE47B1FBFD41A00DFC414 /* main.m */,
			);
			path = MetalGemm;
			sourceTree = "<group>";
		};
		BDAAE4841FBFD41A00DFC414 /* MetalGemmTests */ = {
			isa = PBXGroup;
			children = (
				BDAAE4851FBFD41A00DFC414 /* MetalGemmTests.m */,
				BDAAE4871FBFD41A00DFC414 /* Info.plist */,
			);
			path = MetalGemmTests;
			sourceTree = "<group>";
		};
		BDAAE48F1FBFD41B00DFC414 /* MetalGemmUITests */ = {
			isa = PBXGroup;
			children = (
				BDAAE4901FBFD41B00DFC414 /* MetalGemmUITests.m */,
				BDAAE4921FBFD41B00DFC414 /* Info.plist */,
			);
			path = MetalGemmUITests;
			sourceTree = "<group>";
		};
/* End PBXGroup section */

/* Begin PBXNativeTarget section */
		BDAAE4681FBFD41A00DFC414 /* MetalGemm */ = {
			isa = PBXNativeTarget;
			buildConfigurationList = BDAAE4951FBFD41B00DFC414 /* Build configuration list for PBXNativeTarget "MetalGemm" */;
			buildPhases = (
				BDAAE4651FBFD41A00DFC414 /* Sources */,
				BDAAE4661FBFD41A00DFC414 /* Frameworks */,
				BDAAE4671FBFD41A00DFC414 /* Resources */,
			);
			buildRules = (
			);
			dependencies = (
			);
			name = MetalGemm;
			productName = MetalGemm;
			productReference = BDAAE4691FBFD41A00DFC414 /* MetalGemm.app */;
			productType = "com.apple.product-type.application";
		};
		BDAAE4801FBFD41A00DFC414 /* MetalGemmTests */ = {
			isa = PBXNativeTarget;
			buildConfigurationList = BDAAE4981FBFD41B00DFC414 /* Build configuration list for PBXNativeTarget "MetalGemmTests" */;
			buildPhases = (
				BDAAE47D1FBFD41A00DFC414 /* Sources */,
				BDAAE47E1FBFD41A00DFC414 /* Frameworks */,
				BDAAE47F1FBFD41A00DFC414 /* Resources */,
			);
			buildRules = (
			);
			dependencies = (
				BDAAE4831FBFD41A00DFC414 /* PBXTargetDependency */,
			);
			name = MetalGemmTests;
			productName = MetalGemmTests;
			productReference = BDAAE4811FBFD41A00DFC414 /* MetalGemmTests.xctest */;
			productType = "com.apple.product-type.bundle.unit-test";
		};
		BDAAE48B1FBFD41B00DFC414 /* MetalGemmUITests */ = {
			isa = PBXNativeTarget;
			buildConfigurationList = BDAAE49B1FBFD41B00DFC414 /* Build configuration list for PBXNativeTarget "MetalGemmUITests" */;
			buildPhases = (
				BDAAE4881FBFD41B00DFC414 /* Sources */,
				BDAAE4891FBFD41B00DFC414 /* Frameworks */,
				BDAAE48A1FBFD41B00DFC414 /* Resources */,
			);
			buildRules = (
			);
			dependencies = (
				BDAAE48E1FBFD41B00DFC414 /* PBXTargetDependency */,
			);
			name = MetalGemmUITests;
			productName = MetalGemmUITests;
			productReference = BDAAE48C1FBFD41B00DFC414 /* MetalGemmUITests.xctest */;
			productType = "com.apple.product-type.bundle.ui-testing";
		};
/* End PBXNativeTarget section */

/* Begin PBXProject section */
		BDAAE4611FBFD41A00DFC414 /* Project object */ = {
			isa = PBXProject;
			attributes = {
				LastUpgradeCheck = 0910;
				ORGANIZATIONNAME = "\bLun";
				TargetAttributes = {
					BDAAE4681FBFD41A00DFC414 = {
						CreatedOnToolsVersion = 9.1;
						ProvisioningStyle = Automatic;
					};
					BDAAE4801FBFD41A00DFC414 = {
						CreatedOnToolsVersion = 9.1;
						ProvisioningStyle = Automatic;
						TestTargetID = BDAAE4681FBFD41A00DFC414;
					};
					BDAAE48B1FBFD41B00DFC414 = {
						CreatedOnToolsVersion = 9.1;
						ProvisioningStyle = Automatic;
						TestTargetID = BDAAE4681FBFD41A00DFC414;
					};
				};
			};
			buildConfigurationList = BDAAE4641FBFD41A00DFC414 /* Build configuration list for PBXProject "MetalGemm" */;
			compatibilityVersion = "Xcode 8.0";
			developmentRegion = en;
			hasScannedForEncodings = 0;
			knownRegions = (
				en,
				Base,
			);
			mainGroup = BDAAE4601FBFD41A00DFC414;
			productRefGroup = BDAAE46A1FBFD41A00DFC414 /* Products */;
			projectDirPath = "";
			projectRoot = "";
			targets = (
				BDAAE4681FBFD41A00DFC414 /* MetalGemm */,
				BDAAE4801FBFD41A00DFC414 /* MetalGemmTests */,
				BDAAE48B1FBFD41B00DFC414 /* MetalGemmUITests */,
			);
		};
/* End PBXProject section */

/* Begin PBXResourcesBuildPhase section */
		BDAAE4671FBFD41A00DFC414 /* Resources */ = {
			isa = PBXResourcesBuildPhase;
			buildActionMask = 2147483647;
			files = (
				BDAAE4791FBFD41A00DFC414 /* LaunchScreen.storyboard in Resources */,
				BDAAE4761FBFD41A00DFC414 /* Assets.xcassets in Resources */,
				BDAAE4741FBFD41A00DFC414 /* Main.storyboard in Resources */,
			);
			runOnlyForDeploymentPostprocessing = 0;
		};
		BDAAE47F1FBFD41A00DFC414 /* Resources */ = {
			isa = PBXResourcesBuildPhase;
			buildActionMask = 2147483647;
			files = (
			);
			runOnlyForDeploymentPostprocessing = 0;
		};
		BDAAE48A1FBFD41B00DFC414 /* Resources */ = {
			isa = PBXResourcesBuildPhase;
			buildActionMask = 2147483647;
			files = (
			);
			runOnlyForDeploymentPostprocessing = 0;
		};
/* End PBXResourcesBuildPhase section */

/* Begin PBXSourcesBuildPhase section */
		BDAAE4651FBFD41A00DFC414 /* Sources */ = {
			isa = PBXSourcesBuildPhase;
			buildActionMask = 2147483647;
			files = (
				BDAE9A5B1FBFD5F500F7C157 /* MetalGemmTuned.metal in Sources */,
				BDAAE47C1FBFD41A00DFC414 /* main.m in Sources */,
				BDAAE4A61FBFD44000DFC414 /* MetalGemmNaive.metal in Sources */,
				BDAAE4A51FBFD44000DFC414 /* MPSGemm.m in Sources */,
				BDAAE46E1FBFD41A00DFC414 /* AppDelegate.m in Sources */,
				BDAE9A5E1FBFE82E00F7C157 /* MetalGemm.m in Sources */,
				BDAAE4A71FBFD44000DFC414 /* ViewController.m in Sources */,
			);
			runOnlyForDeploymentPostprocessing = 0;
		};
		BDAAE47D1FBFD41A00DFC414 /* Sources */ = {
			isa = PBXSourcesBuildPhase;
			buildActionMask = 2147483647;
			files = (
				BDAAE4861FBFD41A00DFC414 /* MetalGemmTests.m in Sources */,
			);
			runOnlyForDeploymentPostprocessing = 0;
		};
		BDAAE4881FBFD41B00DFC414 /* Sources */ = {
			isa = PBXSourcesBuildPhase;
			buildActionMask = 2147483647;
			files = (
				BDAAE4911FBFD41B00DFC414 /* MetalGemmUITests.m in Sources */,
			);
			runOnlyForDeploymentPostprocessing = 0;
		};
/* End PBXSourcesBuildPhase section */

/* Begin PBXTargetDependency section */
		BDAAE4831FBFD41A00DFC414 /* PBXTargetDependency */ = {
			isa = PBXTargetDependency;
			target = BDAAE4681FBFD41A00DFC414 /* MetalGemm */;
			targetProxy = BDAAE4821FBFD41A00DFC414 /* PBXContainerItemProxy */;
		};
		BDAAE48E1FBFD41B00DFC414 /* PBXTargetDependency */ = {
			isa = PBXTargetDependency;
			target = BDAAE4681FBFD41A00DFC414 /* MetalGemm */;
			targetProxy = BDAAE48D1FBFD41B00DFC414 /* PBXContainerItemProxy */;
		};
/* End PBXTargetDependency section */

/* Begin PBXVariantGroup section */
		BDAAE4721FBFD41A00DFC414 /* Main.storyboard */ = {
			isa = PBXVariantGroup;
			children = (
				BDAAE4731FBFD41A00DFC414 /* Base */,
			);
			name = Main.storyboard;
			sourceTree = "<group>";
		};
		BDAAE4771FBFD41A00DFC414 /* LaunchScreen.storyboard */ = {
			isa = PBXVariantGroup;
			children = (
				BDAAE4781FBFD41A00DFC414 /* Base */,
			);
			name = LaunchScreen.storyboard;
			sourceTree = "<group>";
		};
/* End PBXVariantGroup section */

/* Begin XCBuildConfiguration section */
		BDAAE4931FBFD41B00DFC414 /* Debug */ = {
			isa = XCBuildConfiguration;
			buildSettings = {
				ALWAYS_SEARCH_USER_PATHS = NO;
				CLANG_ANALYZER_NONNULL = YES;
				CLANG_ANALYZER_NUMBER_OBJECT_CONVERSION = YES_AGGRESSIVE;
				CLANG_CXX_LANGUAGE_STANDARD = "gnu++14";
				CLANG_CXX_LIBRARY = "libc++";
				CLANG_ENABLE_MODULES = YES;
				CLANG_ENABLE_OBJC_ARC = YES;
				CLANG_WARN_BLOCK_CAPTURE_AUTORELEASING = YES;
				CLANG_WARN_BOOL_CONVERSION = YES;
				CLANG_WARN_COMMA = YES;
				CLANG_WARN_CONSTANT_CONVERSION = YES;
				CLANG_WARN_DIRECT_OBJC_ISA_USAGE = YES_ERROR;
				CLANG_WARN_DOCUMENTATION_COMMENTS = YES;
				CLANG_WARN_EMPTY_BODY = YES;
				CLANG_WARN_ENUM_CONVERSION = YES;
				CLANG_WARN_INFINITE_RECURSION = YES;
				CLANG_WARN_INT_CONVERSION = YES;
				CLANG_WARN_NON_LITERAL_NULL_CONVERSION = YES;
				CLANG_WARN_OBJC_LITERAL_CONVERSION = YES;
				CLANG_WARN_OBJC_ROOT_CLASS = YES_ERROR;
				CLANG_WARN_RANGE_LOOP_ANALYSIS = YES;
				CLANG_WARN_STRICT_PROTOTYPES = YES;
				CLANG_WARN_SUSPICIOUS_MOVE = YES;
				CLANG_WARN_UNGUARDED_AVAILABILITY = YES_AGGRESSIVE;
				CLANG_WARN_UNREACHABLE_CODE = YES;
				CLANG_WARN__DUPLICATE_METHOD_MATCH = YES;
				CODE_SIGN_IDENTITY = "iPhone Developer";
				COPY_PHASE_STRIP = NO;
				DEBUG_INFORMATION_FORMAT = dwarf;
				ENABLE_STRICT_OBJC_MSGSEND = YES;
				ENABLE_TESTABILITY = YES;
				GCC_C_LANGUAGE_STANDARD = gnu11;
				GCC_DYNAMIC_NO_PIC = NO;
				GCC_NO_COMMON_BLOCKS = YES;
				GCC_OPTIMIZATION_LEVEL = 0;
				GCC_PREPROCESSOR_DEFINITIONS = (
					"DEBUG=1",
					"$(inherited)",
				);
				GCC_WARN_64_TO_32_BIT_CONVERSION = YES;
				GCC_WARN_ABOUT_RETURN_TYPE = YES_ERROR;
				GCC_WARN_UNDECLARED_SELECTOR = YES;
				GCC_WARN_UNINITIALIZED_AUTOS = YES_AGGRESSIVE;
				GCC_WARN_UNUSED_FUNCTION = YES;
				GCC_WARN_UNUSED_VARIABLE = YES;
				IPHONEOS_DEPLOYMENT_TARGET = 11.1;
				MTL_ENABLE_DEBUG_INFO = YES;
				ONLY_ACTIVE_ARCH = YES;
				SDKROOT = iphoneos;
			};
			name = Debug;
		};
		BDAAE4941FBFD41B00DFC414 /* Release */ = {
			isa = XCBuildConfiguration;
			buildSettings = {
				ALWAYS_SEARCH_USER_PATHS = NO;
				CLANG_ANALYZER_NONNULL = YES;
				CLANG_ANALYZER_NUMBER_OBJECT_CONVERSION = YES_AGGRESSIVE;
				CLANG_CXX_LANGUAGE_STANDARD = "gnu++14";
				CLANG_CXX_LIBRARY = "libc++";
				CLANG_ENABLE_MODULES = YES;
				CLANG_ENABLE_OBJC_ARC = YES;
				CLANG_WARN_BLOCK_CAPTURE_AUTORELEASING = YES;
				CLANG_WARN_BOOL_CONVERSION = YES;
				CLANG_WARN_COMMA = YES;
				CLANG_WARN_CONSTANT_CONVERSION = YES;
				CLANG_WARN_DIRECT_OBJC_ISA_USAGE = YES_ERROR;
				CLANG_WARN_DOCUMENTATION_COMMENTS = YES;
				CLANG_WARN_EMPTY_BODY = YES;
				CLANG_WARN_ENUM_CONVERSION = YES;
				CLANG_WARN_INFINITE_RECURSION = YES;
				CLANG_WARN_INT_CONVERSION = YES;
				CLANG_WARN_NON_LITERAL_NULL_CONVERSION = YES;
				CLANG_WARN_OBJC_LITERAL_CONVERSION = YES;
				CLANG_WARN_OBJC_ROOT_CLASS = YES_ERROR;
				CLANG_WARN_RANGE_LOOP_ANALYSIS = YES;
				CLANG_WARN_STRICT_PROTOTYPES = YES;
				CLANG_WARN_SUSPICIOUS_MOVE = YES;
				CLANG_WARN_UNGUARDED_AVAILABILITY = YES_AGGRESSIVE;
				CLANG_WARN_UNREACHABLE_CODE = YES;
				CLANG_WARN__DUPLICATE_METHOD_MATCH = YES;
				CODE_SIGN_IDENTITY = "iPhone Developer";
				COPY_PHASE_STRIP = NO;
				DEBUG_INFORMATION_FORMAT = "dwarf-with-dsym";
				ENABLE_NS_ASSERTIONS = NO;
				ENABLE_STRICT_OBJC_MSGSEND = YES;
				GCC_C_LANGUAGE_STANDARD = gnu11;
				GCC_NO_COMMON_BLOCKS = YES;
				GCC_WARN_64_TO_32_BIT_CONVERSION = YES;
				GCC_WARN_ABOUT_RETURN_TYPE = YES_ERROR;
				GCC_WARN_UNDECLARED_SELECTOR = YES;
				GCC_WARN_UNINITIALIZED_AUTOS = YES_AGGRESSIVE;
				GCC_WARN_UNUSED_FUNCTION = YES;
				GCC_WARN_UNUSED_VARIABLE = YES;
				IPHONEOS_DEPLOYMENT_TARGET = 11.1;
				MTL_ENABLE_DEBUG_INFO = NO;
				SDKROOT = iphoneos;
				VALIDATE_PRODUCT = YES;
			};
			name = Release;
		};
		BDAAE4961FBFD41B00DFC414 /* Debug */ = {
			isa = XCBuildConfiguration;
			buildSettings = {
				ASSETCATALOG_COMPILER_APPICON_NAME = AppIcon;
				CODE_SIGN_STYLE = Automatic;
				DEVELOPMENT_TEAM = DXJ7AC4744;
				INFOPLIST_FILE = MetalGemm/Info.plist;
				LD_RUNPATH_SEARCH_PATHS = "$(inherited) @executable_path/Frameworks";
				PRODUCT_BUNDLE_IDENTIFIER = com.lun.MetalGemm;
				PRODUCT_NAME = "$(TARGET_NAME)";
				TARGETED_DEVICE_FAMILY = "1,2";
			};
			name = Debug;
		};
		BDAAE4971FBFD41B00DFC414 /* Release */ = {
			isa = XCBuildConfiguration;
			buildSettings = {
				ASSETCATALOG_COMPILER_APPICON_NAME = AppIcon;
				CODE_SIGN_STYLE = Automatic;
				DEVELOPMENT_TEAM = DXJ7AC4744;
				INFOPLIST_FILE = MetalGemm/Info.plist;
				LD_RUNPATH_SEARCH_PATHS = "$(inherited) @executable_path/Frameworks";
				PRODUCT_BUNDLE_IDENTIFIER = com.lun.MetalGemm;
				PRODUCT_NAME = "$(TARGET_NAME)";
				TARGETED_DEVICE_FAMILY = "1,2";
			};
			name = Release;
		};
		BDAAE4991FBFD41B00DFC414 /* Debug */ = {
			isa = XCBuildConfiguration;
			buildSettings = {
				BUNDLE_LOADER = "$(TEST_HOST)";
				CODE_SIGN_STYLE = Automatic;
				DEVELOPMENT_TEAM = DXJ7AC4744;
				INFOPLIST_FILE = MetalGemmTests/Info.plist;
				LD_RUNPATH_SEARCH_PATHS = "$(inherited) @executable_path/Frameworks @loader_path/Frameworks";
				PRODUCT_BUNDLE_IDENTIFIER = com.lun.MetalGemmTests;
				PRODUCT_NAME = "$(TARGET_NAME)";
				TARGETED_DEVICE_FAMILY = "1,2";
				TEST_HOST = "$(BUILT_PRODUCTS_DIR)/MetalGemm.app/MetalGemm";
			};
			name = Debug;
		};
		BDAAE49A1FBFD41B00DFC414 /* Release */ = {
			isa = XCBuildConfiguration;
			buildSettings = {
				BUNDLE_LOADER = "$(TEST_HOST)";
				CODE_SIGN_STYLE = Automatic;
				DEVELOPMENT_TEAM = DXJ7AC4744;
				INFOPLIST_FILE = MetalGemmTests/Info.plist;
				LD_RUNPATH_SEARCH_PATHS = "$(inherited) @executable_path/Frameworks @loader_path/Frameworks";
				PRODUCT_BUNDLE_IDENTIFIER = com.lun.MetalGemmTests;
				PRODUCT_NAME = "$(TARGET_NAME)";
				TARGETED_DEVICE_FAMILY = "1,2";
				TEST_HOST = "$(BUILT_PRODUCTS_DIR)/MetalGemm.app/MetalGemm";
			};
			name = Release;
		};
		BDAAE49C1FBFD41B00DFC414 /* Debug */ = {
			isa = XCBuildConfiguration;
			buildSettings = {
				CODE_SIGN_STYLE = Automatic;
				DEVELOPMENT_TEAM = DXJ7AC4744;
				INFOPLIST_FILE = MetalGemmUITests/Info.plist;
				LD_RUNPATH_SEARCH_PATHS = "$(inherited) @executable_path/Frameworks @loader_path/Frameworks";
				PRODUCT_BUNDLE_IDENTIFIER = com.lun.MetalGemmUITests;
				PRODUCT_NAME = "$(TARGET_NAME)";
				TARGETED_DEVICE_FAMILY = "1,2";
				TEST_TARGET_NAME = MetalGemm;
			};
			name = Debug;
		};
		BDAAE49D1FBFD41B00DFC414 /* Release */ = {
			isa = XCBuildConfiguration;
			buildSettings = {
				CODE_SIGN_STYLE = Automatic;
				DEVELOPMENT_TEAM = DXJ7AC4744;
				INFOPLIST_FILE = MetalGemmUITests/Info.plist;
				LD_RUNPATH_SEARCH_PATHS = "$(inherited) @executable_path/Frameworks @loader_path/Frameworks";
				PRODUCT_BUNDLE_IDENTIFIER = com.lun.MetalGemmUITests;
				PRODUCT_NAME = "$(TARGET_NAME)";
				TARGETED_DEVICE_FAMILY = "1,2";
				TEST_TARGET_NAME = MetalGemm;
			};
			name = Release;
		};
/* End XCBuildConfiguration section */

/* Begin XCConfigurationList section */
		BDAAE4641FBFD41A00DFC414 /* Build configuration list for PBXProject "MetalGemm" */ = {
			isa = XCConfigurationList;
			buildConfigurations = (
				BDAAE4931FBFD41B00DFC414 /* Debug */,
				BDAAE4941FBFD41B00DFC414 /* Release */,
			);
			defaultConfigurationIsVisible = 0;
			defaultConfigurationName = Release;
		};
		BDAAE4951FBFD41B00DFC414 /* Build configuration list for PBXNativeTarget "MetalGemm" */ = {
			isa = XCConfigurationList;
			buildConfigurations = (
				BDAAE4961FBFD41B00DFC414 /* Debug */,
				BDAAE4971FBFD41B00DFC414 /* Release */,
			);
			defaultConfigurationIsVisible = 0;
			defaultConfigurationName = Release;
		};
		BDAAE4981FBFD41B00DFC414 /* Build configuration list for PBXNativeTarget "MetalGemmTests" */ = {
			isa = XCConfigurationList;
			buildConfigurations = (
				BDAAE4991FBFD41B00DFC414 /* Debug */,
				BDAAE49A1FBFD41B00DFC414 /* Release */,
			);
			defaultConfigurationIsVisible = 0;
			defaultConfigurationName = Release;
		};
		BDAAE49B1FBFD41B00DFC414 /* Build configuration list for PBXNativeTarget "MetalGemmUITests" */ = {
			isa = XCConfigurationList;
			buildConfigurations = (
				BDAAE49C1FBFD41B00DFC414 /* Debug */,
				BDAAE49D1FBFD41B00DFC414 /* Release */,
			);
			defaultConfigurationIsVisible = 0;
			defaultConfigurationName = Release;
		};
/* End XCConfigurationList section */
	};
	rootObject = BDAAE4611FBFD41A00DFC414 /* Project object */;
}
